#MicroXplorer Configuration settings - do not modify
ADC1.Channel-0\#ChannelRegularConversion=ADC_CHANNEL_5
ADC1.IPParameters=Rank-0\#ChannelRegularConversion,Channel-0\#ChannelRegularConversion,SamplingTime-0\#ChannelRegularConversion,NbrOfConversionFlag,master
ADC1.NbrOfConversionFlag=1
ADC1.Rank-0\#ChannelRegularConversion=1
ADC1.SamplingTime-0\#ChannelRegularConversion=ADC_SAMPLETIME_1CYCLE_5
ADC1.master=1
CAD.formats=
CAD.pinconfig=
CAD.provider=
Dma.Request0=SDIO
Dma.RequestsNb=1
Dma.SDIO.0.Direction=DMA_PERIPH_TO_MEMORY
Dma.SDIO.0.Instance=DMA2_Channel4
Dma.SDIO.0.MemDataAlignment=DMA_MDATAALIGN_WORD
Dma.SDIO.0.MemInc=DMA_MINC_ENABLE
Dma.SDIO.0.Mode=DMA_NORMAL
Dma.SDIO.0.PeriphDataAlignment=DMA_PDATAALIGN_WORD
Dma.SDIO.0.PeriphInc=DMA_PINC_DISABLE
Dma.SDIO.0.Priority=DMA_PRIORITY_LOW
Dma.SDIO.0.RequestParameters=Instance,Direction,PeriphInc,MemInc,PeriphDataAlignment,MemDataAlignment,Mode,Priority
FATFS.BSP.number=1
FATFS.IPParameters=_CODE_PAGE,_USE_LFN,_MAX_LFN
FATFS._CODE_PAGE=437
FATFS._MAX_LFN=64
FATFS._USE_LFN=2
FATFS0.BSP.STBoard=false
FATFS0.BSP.api=Unknown
FATFS0.BSP.component=
FATFS0.BSP.condition=
FATFS0.BSP.instance=PC0
FATFS0.BSP.ip=GPIO
FATFS0.BSP.mode=Input
FATFS0.BSP.name=Detect_SDIO
FATFS0.BSP.semaphore=
FATFS0.BSP.solution=PC0
File.Version=6
GPIO.groupedBy=Group By Peripherals
I2S2.ErrorAudioFreq=0.08 %
I2S2.IPParameters=Instance,VirtualMode,RealAudioFreq,ErrorAudioFreq
I2S2.Instance=SPI$Index
I2S2.RealAudioFreq=8.007 KHz
I2S2.VirtualMode=I2S_MODE_MASTER
KeepUserPlacement=false
Mcu.CPN=STM32F103ZET6
Mcu.Family=STM32F1
Mcu.IP0=ADC1
Mcu.IP1=DMA
Mcu.IP10=USB
Mcu.IP11=USB_DEVICE
Mcu.IP2=FATFS
Mcu.IP3=I2C1
Mcu.IP4=I2C2
Mcu.IP5=I2S2
Mcu.IP6=NVIC
Mcu.IP7=RCC
Mcu.IP8=SDIO
Mcu.IP9=SYS
Mcu.IPNb=12
Mcu.Name=STM32F103Z(C-D-E)Tx
Mcu.Package=LQFP144
Mcu.Pin0=PE6
Mcu.Pin1=PF0
Mcu.Pin10=OSC_IN
Mcu.Pin11=OSC_OUT
Mcu.Pin12=PC0
Mcu.Pin13=PC2
Mcu.Pin14=PC3
Mcu.Pin15=PA5
Mcu.Pin16=PA6
Mcu.Pin17=PA7
Mcu.Pin18=PC4
Mcu.Pin19=PG0
Mcu.Pin2=PF1
Mcu.Pin20=PB10
Mcu.Pin21=PB11
Mcu.Pin22=PB12
Mcu.Pin23=PB13
Mcu.Pin24=PB15
Mcu.Pin25=PD14
Mcu.Pin26=PD15
Mcu.Pin27=PG2
Mcu.Pin28=PG3
Mcu.Pin29=PG4
Mcu.Pin3=PF2
Mcu.Pin30=PG5
Mcu.Pin31=PG6
Mcu.Pin32=PG7
Mcu.Pin33=PG8
Mcu.Pin34=PC6
Mcu.Pin35=PC8
Mcu.Pin36=PA8
Mcu.Pin37=PA11
Mcu.Pin38=PA12
Mcu.Pin39=PA13
Mcu.Pin4=PF3
Mcu.Pin40=PA14
Mcu.Pin41=PC12
Mcu.Pin42=PD2
Mcu.Pin43=PG14
Mcu.Pin44=PB6
Mcu.Pin45=PB7
Mcu.Pin46=PB8
Mcu.Pin47=PB9
Mcu.Pin48=VP_FATFS_VS_SDIO
Mcu.Pin49=VP_SYS_VS_Systick
Mcu.Pin5=PF4
Mcu.Pin50=VP_USB_DEVICE_VS_USB_DEVICE_HID_FS
Mcu.Pin6=PF5
Mcu.Pin7=PF6
Mcu.Pin8=PF7
Mcu.Pin9=PF10
Mcu.PinsNb=51
Mcu.ThirdPartyNb=0
Mcu.UserConstants=
Mcu.UserName=STM32F103ZETx
MxCube.Version=6.13.0
MxDb.Version=DB.6.0.130
NVIC.BusFault_IRQn=true\:0\:0\:false\:false\:true\:false\:false\:false
NVIC.DMA2_Channel4_5_IRQn=true\:2\:0\:true\:false\:true\:false\:true\:true
NVIC.DebugMonitor_IRQn=true\:0\:0\:false\:false\:true\:false\:false\:false
NVIC.ForceEnableDMAVector=true
NVIC.HardFault_IRQn=true\:0\:0\:false\:false\:true\:false\:false\:false
NVIC.MemoryManagement_IRQn=true\:0\:0\:false\:false\:true\:false\:false\:false
NVIC.NonMaskableInt_IRQn=true\:0\:0\:false\:false\:true\:false\:false\:false
NVIC.PendSV_IRQn=true\:0\:0\:false\:false\:true\:false\:false\:false
NVIC.PriorityGroup=NVIC_PRIORITYGROUP_4
NVIC.SDIO_IRQn=true\:0\:0\:false\:false\:true\:true\:true\:true
NVIC.SVCall_IRQn=true\:0\:0\:false\:false\:true\:false\:false\:false
NVIC.SysTick_IRQn=true\:15\:0\:false\:false\:true\:false\:true\:false
NVIC.USB_LP_CAN1_RX0_IRQn=true\:0\:0\:false\:false\:true\:false\:true\:true
NVIC.UsageFault_IRQn=true\:0\:0\:false\:false\:true\:false\:false\:false
OSC_IN.Mode=HSE-External-Oscillator
OSC_IN.Signal=RCC_OSC_IN
OSC_OUT.Mode=HSE-External-Oscillator
OSC_OUT.Signal=RCC_OSC_OUT
PA11.Mode=Device
PA11.Signal=USB_DM
PA12.Mode=Device
PA12.Signal=USB_DP
PA13.Mode=Serial_Wire
PA13.Signal=SYS_JTMS-SWDIO
PA14.Mode=Serial_Wire
PA14.Signal=SYS_JTCK-SWCLK
PA5.GPIOParameters=GPIO_Label
PA5.GPIO_Label=JS_X
PA5.Signal=ADCx_IN5
PA6.GPIOParameters=GPIO_Label
PA6.GPIO_Label=JS_Y
PA6.Signal=ADCx_IN6
PA7.GPIOParameters=GPIO_Label
PA7.GPIO_Label=OV_VSYNC
PA7.Locked=true
PA7.Signal=GPIO_Output
PA8.GPIOParameters=GPIO_Label
PA8.GPIO_Label=MCO
PA8.Locked=true
PA8.Mode=Clock-out
PA8.Signal=RCC_MCO
PB10.GPIOParameters=GPIO_Label
PB10.GPIO_Label=OLED_SCL
PB10.Mode=I2C
PB10.Signal=I2C2_SCL
PB11.GPIOParameters=GPIO_Label
PB11.GPIO_Label=OLED_SDA
PB11.Mode=I2C
PB11.Signal=I2C2_SDA
PB12.Mode=Half_Duplex_Master_TX
PB12.Signal=I2S2_WS
PB13.Mode=Half_Duplex_Master_TX
PB13.Signal=I2S2_CK
PB15.Mode=Half_Duplex_Master_TX
PB15.Signal=I2S2_SD
PB6.GPIOParameters=GPIO_Label
PB6.GPIO_Label=OV_WEN
PB6.Locked=true
PB6.Signal=GPIO_Output
PB7.GPIOParameters=GPIO_Label
PB7.GPIO_Label=OV_RCLK
PB7.Locked=true
PB7.Signal=GPIO_Output
PB8.Mode=I2C
PB8.Signal=I2C1_SCL
PB9.Mode=I2C
PB9.Signal=I2C1_SDA
PC0.GPIOParameters=GPIO_PuPd,GPIO_Label
PC0.GPIO_Label=FATFS_SIG
PC0.GPIO_PuPd=GPIO_PULLDOWN
PC0.Locked=true
PC0.Signal=GPIO_Input
PC12.Mode=SD_1_bit
PC12.Signal=SDIO_CK
PC2.GPIOParameters=GPIO_Label
PC2.GPIO_Label=OV_RRST
PC2.Locked=true
PC2.Signal=GPIO_Output
PC3.GPIOParameters=GPIO_Label
PC3.GPIO_Label=OV_OE
PC3.Locked=true
PC3.Signal=GPIO_Output
PC4.GPIOParameters=GPIO_Label
PC4.GPIO_Label=OV_SCL
PC4.Locked=true
PC4.Signal=GPIO_Output
PC6.GPIOParameters=GPIO_Label
PC6.GPIO_Label=OV_SDA
PC6.Locked=true
PC6.Signal=GPIO_Output
PC8.Mode=SD_1_bit
PC8.Signal=SDIO_D0
PD14.GPIOParameters=GPIO_Label
PD14.GPIO_Label=KB_COL4
PD14.Locked=true
PD14.Signal=GPIO_Input
PD15.GPIOParameters=GPIO_Label
PD15.GPIO_Label=KB_COL3
PD15.Locked=true
PD15.Signal=GPIO_Input
PD2.Mode=SD_1_bit
PD2.Signal=SDIO_CMD
PE6.GPIOParameters=GPIO_Label
PE6.GPIO_Label=OV_WRST
PE6.Locked=true
PE6.Signal=GPIO_Output
PF0.GPIOParameters=GPIO_Label
PF0.GPIO_Label=OV_D0
PF0.Locked=true
PF0.Signal=GPIO_Input
PF1.GPIOParameters=GPIO_Label
PF1.GPIO_Label=OV_D1
PF1.Locked=true
PF1.Signal=GPIO_Input
PF10.GPIOParameters=GPIO_Label
PF10.GPIO_Label=JS_Z
PF10.Locked=true
PF10.Signal=GPIO_Input
PF2.GPIOParameters=GPIO_Label
PF2.GPIO_Label=OV_D2
PF2.Locked=true
PF2.Signal=GPIO_Input
PF3.GPIOParameters=GPIO_Label
PF3.GPIO_Label=OV_D3
PF3.Locked=true
PF3.Signal=GPIO_Input
PF4.GPIOParameters=GPIO_Label
PF4.GPIO_Label=OV_D4
PF4.Locked=true
PF4.Signal=GPIO_Input
PF5.GPIOParameters=GPIO_Label
PF5.GPIO_Label=OV_D5
PF5.Locked=true
PF5.Signal=GPIO_Input
PF6.GPIOParameters=GPIO_Label
PF6.GPIO_Label=OV_D6
PF6.Locked=true
PF6.Signal=GPIO_Input
PF7.GPIOParameters=GPIO_Label
PF7.GPIO_Label=OV_D7
PF7.Locked=true
PF7.Signal=GPIO_Input
PG0.GPIOParameters=GPIO_Label
PG0.GPIO_Label=DS_IN
PG0.Locked=true
PG0.Signal=GPIO_Input
PG14.GPIOParameters=GPIO_Label
PG14.GPIO_Label=LED
PG14.Locked=true
PG14.Signal=GPIO_Output
PG2.GPIOParameters=GPIO_Label
PG2.GPIO_Label=KB_COL2
PG2.Locked=true
PG2.Signal=GPIO_Input
PG3.GPIOParameters=GPIO_Label
PG3.GPIO_Label=KB_COL1
PG3.Locked=true
PG3.Signal=GPIO_Input
PG4.GPIOParameters=GPIO_Label
PG4.GPIO_Label=KB_ROW5
PG4.Locked=true
PG4.Signal=GPIO_Output
PG5.GPIOParameters=GPIO_Label
PG5.GPIO_Label=KB_ROW4
PG5.Locked=true
PG5.Signal=GPIO_Output
PG6.GPIOParameters=GPIO_Label
PG6.GPIO_Label=KB_ROW3
PG6.Locked=true
PG6.Signal=GPIO_Output
PG7.GPIOParameters=GPIO_Label
PG7.GPIO_Label=KB_ROW2
PG7.Locked=true
PG7.Signal=GPIO_Output
PG8.GPIOParameters=GPIO_Label
PG8.GPIO_Label=KB_ROW1
PG8.Locked=true
PG8.Signal=GPIO_Output
PinOutPanel.RotationAngle=0
ProjectManager.AskForMigrate=true
ProjectManager.BackupPrevious=false
ProjectManager.CompilerOptimize=6
ProjectManager.ComputerToolchain=false
ProjectManager.CoupleFile=false
ProjectManager.CustomerFirmwarePackage=
ProjectManager.DefaultFWLocation=true
ProjectManager.DeletePrevious=true
ProjectManager.DeviceId=STM32F103ZETx
ProjectManager.FirmwarePackage=STM32Cube FW_F1 V1.8.6
ProjectManager.FreePins=false
ProjectManager.HalAssertFull=false
ProjectManager.HeapSize=0x200
ProjectManager.KeepUserCode=true
ProjectManager.LastFirmware=true
ProjectManager.LibraryCopy=1
ProjectManager.MainLocation=Core/Src
ProjectManager.NoMain=false
ProjectManager.PreviousToolchain=
ProjectManager.ProjectBuild=false
ProjectManager.ProjectFileName=HID-Board.ioc
ProjectManager.ProjectName=HID-Board
ProjectManager.ProjectStructure=
ProjectManager.RegisterCallBack=
ProjectManager.StackSize=0x400
ProjectManager.TargetToolchain=Makefile
ProjectManager.ToolChainLocation=
ProjectManager.UAScriptAfterPath=
ProjectManager.UAScriptBeforePath=
ProjectManager.UnderRoot=false
ProjectManager.functionlistsort=1-SystemClock_Config-RCC-false-HAL-false,2-MX_GPIO_Init-GPIO-false-HAL-true,3-MX_DMA_Init-DMA-false-HAL-true,4-MX_ADC1_Init-ADC1-false-HAL-true,5-MX_I2C1_Init-I2C1-false-HAL-true,6-MX_I2C2_Init-I2C2-false-HAL-true,7-MX_SDIO_SD_Init-SDIO-false-HAL-true,8-MX_I2S2_Init-I2S2-false-HAL-true,9-MX_FATFS_Init-FATFS-false-HAL-false,10-MX_USB_DEVICE_Init-USB_DEVICE-false-HAL-false
RCC.ADCFreqValue=12000000
RCC.ADCPresc=RCC_ADCPCLK2_DIV6
RCC.AHBFreq_Value=72000000
RCC.APB1CLKDivider=RCC_HCLK_DIV2
RCC.APB1Freq_Value=36000000
RCC.APB1TimFreq_Value=72000000
RCC.APB2Freq_Value=72000000
RCC.APB2TimFreq_Value=72000000
RCC.FCLKCortexFreq_Value=72000000
RCC.FSMCFreq_Value=72000000
RCC.FamilyName=M
RCC.HCLKFreq_Value=72000000
RCC.I2S2Freq_Value=72000000
RCC.I2S3Freq_Value=72000000
RCC.IPParameters=ADCFreqValue,ADCPresc,AHBFreq_Value,APB1CLKDivider,APB1Freq_Value,APB1TimFreq_Value,APB2Freq_Value,APB2TimFreq_Value,FCLKCortexFreq_Value,FSMCFreq_Value,FamilyName,HCLKFreq_Value,I2S2Freq_Value,I2S3Freq_Value,MCOFreq_Value,PLLCLKFreq_Value,PLLMCOFreq_Value,PLLMUL,PLLSourceVirtual,RCC_MCOSource,SDIOFreq_Value,SDIOHCLKDiv2FreqValue,SYSCLKFreq_VALUE,SYSCLKSource,TimSysFreq_Value,USBFreq_Value,USBPrescaler,VCOOutput2Freq_Value
RCC.MCOFreq_Value=8000000
RCC.PLLCLKFreq_Value=72000000
RCC.PLLMCOFreq_Value=36000000
RCC.PLLMUL=RCC_PLL_MUL9
RCC.PLLSourceVirtual=RCC_PLLSOURCE_HSE
RCC.RCC_MCOSource=RCC_MCO1SOURCE_HSE
RCC.SDIOFreq_Value=72000000
RCC.SDIOHCLKDiv2FreqValue=36000000
RCC.SYSCLKFreq_VALUE=72000000
RCC.SYSCLKSource=RCC_SYSCLKSOURCE_PLLCLK
RCC.TimSysFreq_Value=72000000
RCC.USBFreq_Value=48000000
RCC.USBPrescaler=RCC_USBCLKSOURCE_PLL_DIV1_5
RCC.VCOOutput2Freq_Value=8000000
SDIO.ClockDiv=2
SDIO.IPParameters=ClockDiv
SH.ADCx_IN5.0=ADC1_IN5,IN5
SH.ADCx_IN5.ConfNb=1
SH.ADCx_IN6.0=ADC1_IN6,IN6
SH.ADCx_IN6.ConfNb=1
USB_DEVICE.CLASS_NAME_FS=HID
USB_DEVICE.IPParameters=VirtualMode,VirtualModeFS,CLASS_NAME_FS
USB_DEVICE.VirtualMode=Hid
USB_DEVICE.VirtualModeFS=Hid_FS
VP_FATFS_VS_SDIO.Mode=SDIO
VP_FATFS_VS_SDIO.Signal=FATFS_VS_SDIO
VP_SYS_VS_Systick.Mode=SysTick
VP_SYS_VS_Systick.Signal=SYS_VS_Systick
VP_USB_DEVICE_VS_USB_DEVICE_HID_FS.Mode=HID_FS
VP_USB_DEVICE_VS_USB_DEVICE_HID_FS.Signal=USB_DEVICE_VS_USB_DEVICE_HID_FS
board=custom
